
Microsoft Visual Studio Solution File, Format Version 12.00
# Visual Studio 14
VisualStudioVersion = 14.0.25420.1
MinimumVisualStudioVersion = 10.0.40219.1
Project("{FAE04EC0-301F-11D3-BF4B-00C04F79EFBC}") = "n.random.generator", "n.random.generator.csproj", "{194588E5-4AE6-4119-AC0D-D9212CF0D654}"
EndProject
Global
	GlobalSection(SolutionConfigurationPlatforms) = preSolution
		Debug|Any CPU = Debug|Any CPU
		Release|Any CPU = Release|Any CPU
	EndGlobalSection
	GlobalSection(ProjectConfigurationPlatforms) = postSolution
		{194588E5-4AE6-4119-AC0D-D9212CF0D654}.Debug|Any CPU.ActiveCfg = Debug|Any CPU
		{194588E5-4AE6-4119-AC0D-D9212CF0D654}.Debug|Any CPU.Build.0 = Debug|Any CPU
		{194588E5-4AE6-4119-AC0D-D9212CF0D654}.Release|Any CPU.ActiveCfg = Release|Any CPU
		{194588E5-4AE6-4119-AC0D-D9212CF0D654}.Release|Any CPU.Build.0 = Release|Any CPU
	EndGlobalSection
	GlobalSection(SolutionProperties) = preSolution
		HideSolutionNode = FALSE
	EndGlobalSection
EndGlobal
